
Microsoft Visual Studio Solution File, Format Version 12.00
# Visual Studio Version 17
VisualStudioVersion = 17.9.34728.123
MinimumVisualStudioVersion = 10.0.40219.1
Project("{FAE04EC0-301F-11D3-BF4B-00C04F79EFBC}") = "calculoporelemesmo", "calculoporelemesmo\calculoporelemesmo.csproj", "{21593854-9B2D-44E5-B0CE-BDC1185ED9FD}"
EndProject
Global
	GlobalSection(SolutionConfigurationPlatforms) = preSolution
		Debug|Any CPU = Debug|Any CPU
		Release|Any CPU = Release|Any CPU
	EndGlobalSection
	GlobalSection(ProjectConfigurationPlatforms) = postSolution
		{21593854-9B2D-44E5-B0CE-BDC1185ED9FD}.Debug|Any CPU.ActiveCfg = Debug|Any CPU
		{21593854-9B2D-44E5-B0CE-BDC1185ED9FD}.Debug|Any CPU.Build.0 = Debug|Any CPU
		{21593854-9B2D-44E5-B0CE-BDC1185ED9FD}.Release|Any CPU.ActiveCfg = Release|Any CPU
		{21593854-9B2D-44E5-B0CE-BDC1185ED9FD}.Release|Any CPU.Build.0 = Release|Any CPU
	EndGlobalSection
	GlobalSection(SolutionProperties) = preSolution
		HideSolutionNode = FALSE
	EndGlobalSection
	GlobalSection(ExtensibilityGlobals) = postSolution
		SolutionGuid = {6EF3D6C9-1356-4053-9141-5CAC6864DCC7}
	EndGlobalSection
EndGlobal
